
Microsoft Visual Studio Solution File, Format Version 12.00
# Visual Studio 15
VisualStudioVersion = 15.0.28307.329
MinimumVisualStudioVersion = 10.0.40219.1
Project("{FAE04EC0-301F-11D3-BF4B-00C04F79EFBC}") = "Client", "ConsoleApp1\Client.csproj", "{8C851DE8-92F3-4DF5-A9B0-F5D8730C6F28}"
EndProject
Project("{FAE04EC0-301F-11D3-BF4B-00C04F79EFBC}") = "Server", "Server\Server.csproj", "{63D89B6F-34B0-4667-B30B-1B446B189D40}"
EndProject
Global
	GlobalSection(SolutionConfigurationPlatforms) = preSolution
		Debug|Any CPU = Debug|Any CPU
		Release|Any CPU = Release|Any CPU
	EndGlobalSection
	GlobalSection(ProjectConfigurationPlatforms) = postSolution
		{8C851DE8-92F3-4DF5-A9B0-F5D8730C6F28}.Debug|Any CPU.ActiveCfg = Debug|Any CPU
		{8C851DE8-92F3-4DF5-A9B0-F5D8730C6F28}.Debug|Any CPU.Build.0 = Debug|Any CPU
		{8C851DE8-92F3-4DF5-A9B0-F5D8730C6F28}.Release|Any CPU.ActiveCfg = Release|Any CPU
		{8C851DE8-92F3-4DF5-A9B0-F5D8730C6F28}.Release|Any CPU.Build.0 = Release|Any CPU
		{63D89B6F-34B0-4667-B30B-1B446B189D40}.Debug|Any CPU.ActiveCfg = Debug|Any CPU
		{63D89B6F-34B0-4667-B30B-1B446B189D40}.Debug|Any CPU.Build.0 = Debug|Any CPU
		{63D89B6F-34B0-4667-B30B-1B446B189D40}.Release|Any CPU.ActiveCfg = Release|Any CPU
		{63D89B6F-34B0-4667-B30B-1B446B189D40}.Release|Any CPU.Build.0 = Release|Any CPU
	EndGlobalSection
	GlobalSection(SolutionProperties) = preSolution
		HideSolutionNode = FALSE
	EndGlobalSection
	GlobalSection(ExtensibilityGlobals) = postSolution
		SolutionGuid = {F888D95D-92CA-47AC-8D25-3286CF8AEBDD}
	EndGlobalSection
EndGlobal
