
Microsoft Visual Studio Solution File, Format Version 12.00
# Visual Studio 15
VisualStudioVersion = 15.0.28307.329
MinimumVisualStudioVersion = 10.0.40219.1
Project("{FAE04EC0-301F-11D3-BF4B-00C04F79EFBC}") = "Delegat", "Delegat\Delegat.csproj", "{B77460EA-B98E-46C7-8A2F-466E89D8A5BF}"
EndProject
Project("{FAE04EC0-301F-11D3-BF4B-00C04F79EFBC}") = "Task 1", "Task 1\Task 1.csproj", "{541FAA14-F7C4-407A-A907-33F0B2DB3765}"
EndProject
Global
	GlobalSection(SolutionConfigurationPlatforms) = preSolution
		Debug|Any CPU = Debug|Any CPU
		Release|Any CPU = Release|Any CPU
	EndGlobalSection
	GlobalSection(ProjectConfigurationPlatforms) = postSolution
		{B77460EA-B98E-46C7-8A2F-466E89D8A5BF}.Debug|Any CPU.ActiveCfg = Debug|Any CPU
		{B77460EA-B98E-46C7-8A2F-466E89D8A5BF}.Debug|Any CPU.Build.0 = Debug|Any CPU
		{B77460EA-B98E-46C7-8A2F-466E89D8A5BF}.Release|Any CPU.ActiveCfg = Release|Any CPU
		{B77460EA-B98E-46C7-8A2F-466E89D8A5BF}.Release|Any CPU.Build.0 = Release|Any CPU
		{541FAA14-F7C4-407A-A907-33F0B2DB3765}.Debug|Any CPU.ActiveCfg = Debug|Any CPU
		{541FAA14-F7C4-407A-A907-33F0B2DB3765}.Debug|Any CPU.Build.0 = Debug|Any CPU
		{541FAA14-F7C4-407A-A907-33F0B2DB3765}.Release|Any CPU.ActiveCfg = Release|Any CPU
		{541FAA14-F7C4-407A-A907-33F0B2DB3765}.Release|Any CPU.Build.0 = Release|Any CPU
	EndGlobalSection
	GlobalSection(SolutionProperties) = preSolution
		HideSolutionNode = FALSE
	EndGlobalSection
	GlobalSection(ExtensibilityGlobals) = postSolution
		SolutionGuid = {8A4ADEC6-F02C-4AE6-BB0D-A42CD2111D80}
	EndGlobalSection
EndGlobal
